
Microsoft Visual Studio Solution File, Format Version 12.00
# Visual Studio Version 17
VisualStudioVersion = 17.0.31903.59
MinimumVisualStudioVersion = 10.0.40219.1
Project("{FAE04EC0-301F-11D3-BF4B-00C04F79EFBC}") = "CliniCareApp.Models", "Models\CliniCareApp.Models.csproj", "{34289718-CD8A-4ED5-9E0C-D22F43B8D2FD}"
EndProject
Project("{FAE04EC0-301F-11D3-BF4B-00C04F79EFBC}") = "CliniCareApp.Business", "Business\CliniCareApp.Business.csproj", "{FDDCAF8E-A1C4-4E0C-B642-C40886A74B15}"
EndProject
Project("{FAE04EC0-301F-11D3-BF4B-00C04F79EFBC}") = "CliniCareApp.API", "API\CliniCareApp.API.csproj", "{F9C0332A-E3CD-4CBA-8455-59A3B3AF3E30}"
EndProject
Project("{FAE04EC0-301F-11D3-BF4B-00C04F79EFBC}") = "CliniCareApp.Data", "Data\CliniCareApp.Data.csproj", "{F6A21BFA-8AB8-4345-A959-1880A9BCB89B}"
EndProject
Global
	GlobalSection(SolutionConfigurationPlatforms) = preSolution
		Debug|Any CPU = Debug|Any CPU
		Release|Any CPU = Release|Any CPU
	EndGlobalSection
	GlobalSection(SolutionProperties) = preSolution
		HideSolutionNode = FALSE
	EndGlobalSection
	GlobalSection(ProjectConfigurationPlatforms) = postSolution
		{34289718-CD8A-4ED5-9E0C-D22F43B8D2FD}.Debug|Any CPU.ActiveCfg = Debug|Any CPU
		{34289718-CD8A-4ED5-9E0C-D22F43B8D2FD}.Debug|Any CPU.Build.0 = Debug|Any CPU
		{34289718-CD8A-4ED5-9E0C-D22F43B8D2FD}.Release|Any CPU.ActiveCfg = Release|Any CPU
		{34289718-CD8A-4ED5-9E0C-D22F43B8D2FD}.Release|Any CPU.Build.0 = Release|Any CPU
		{FDDCAF8E-A1C4-4E0C-B642-C40886A74B15}.Debug|Any CPU.ActiveCfg = Debug|Any CPU
		{FDDCAF8E-A1C4-4E0C-B642-C40886A74B15}.Debug|Any CPU.Build.0 = Debug|Any CPU
		{FDDCAF8E-A1C4-4E0C-B642-C40886A74B15}.Release|Any CPU.ActiveCfg = Release|Any CPU
		{FDDCAF8E-A1C4-4E0C-B642-C40886A74B15}.Release|Any CPU.Build.0 = Release|Any CPU
		{F9C0332A-E3CD-4CBA-8455-59A3B3AF3E30}.Debug|Any CPU.ActiveCfg = Debug|Any CPU
		{F9C0332A-E3CD-4CBA-8455-59A3B3AF3E30}.Debug|Any CPU.Build.0 = Debug|Any CPU
		{F9C0332A-E3CD-4CBA-8455-59A3B3AF3E30}.Release|Any CPU.ActiveCfg = Release|Any CPU
		{F9C0332A-E3CD-4CBA-8455-59A3B3AF3E30}.Release|Any CPU.Build.0 = Release|Any CPU
		{F6A21BFA-8AB8-4345-A959-1880A9BCB89B}.Debug|Any CPU.ActiveCfg = Debug|Any CPU
		{F6A21BFA-8AB8-4345-A959-1880A9BCB89B}.Debug|Any CPU.Build.0 = Debug|Any CPU
		{F6A21BFA-8AB8-4345-A959-1880A9BCB89B}.Release|Any CPU.ActiveCfg = Release|Any CPU
		{F6A21BFA-8AB8-4345-A959-1880A9BCB89B}.Release|Any CPU.Build.0 = Release|Any CPU
	EndGlobalSection
EndGlobal
